
Microsoft Visual Studio Solution File, Format Version 11.00
# Visual Studio 2010
Project("{FAE04EC0-301F-11D3-BF4B-00C04F79EFBC}") = "Assembly-CSharp", "Assembly-CSharp.csproj", "{A1056AC4-CEDF-5035-A855-5072BECE0024}"
EndProject
Project("{FAE04EC0-301F-11D3-BF4B-00C04F79EFBC}") = "Assembly-CSharp-Editor", "Assembly-CSharp-Editor.csproj", "{2FCF210A-62F7-D778-D0AC-F93236946FE6}"
EndProject
Project("{FAE04EC0-301F-11D3-BF4B-00C04F79EFBC}") = "PackageManagerAssembly", "PackageManagerAssembly.csproj", "{DBB8C0C5-7706-2EB8-8F30-7506FDBE645F}"
EndProject
Project("{FAE04EC0-301F-11D3-BF4B-00C04F79EFBC}") = "ExternalCheck", "ExternalCheck.csproj", "{3763B1BA-85F2-2A63-2041-B396171AAB2E}"
EndProject
Global
	GlobalSection(SolutionConfigurationPlatforms) = preSolution
		Debug|Any CPU = Debug|Any CPU
		Release|Any CPU = Release|Any CPU
	EndGlobalSection
	GlobalSection(ProjectConfigurationPlatforms) = postSolution
		{A1056AC4-CEDF-5035-A855-5072BECE0024}.Debug|Any CPU.ActiveCfg = Debug|Any CPU
		{A1056AC4-CEDF-5035-A855-5072BECE0024}.Debug|Any CPU.Build.0 = Debug|Any CPU
		{A1056AC4-CEDF-5035-A855-5072BECE0024}.Release|Any CPU.ActiveCfg = Release|Any CPU
		{A1056AC4-CEDF-5035-A855-5072BECE0024}.Release|Any CPU.Build.0 = Release|Any CPU
		{2FCF210A-62F7-D778-D0AC-F93236946FE6}.Debug|Any CPU.ActiveCfg = Debug|Any CPU
		{2FCF210A-62F7-D778-D0AC-F93236946FE6}.Debug|Any CPU.Build.0 = Debug|Any CPU
		{2FCF210A-62F7-D778-D0AC-F93236946FE6}.Release|Any CPU.ActiveCfg = Release|Any CPU
		{2FCF210A-62F7-D778-D0AC-F93236946FE6}.Release|Any CPU.Build.0 = Release|Any CPU
		{DBB8C0C5-7706-2EB8-8F30-7506FDBE645F}.Debug|Any CPU.ActiveCfg = Debug|Any CPU
		{DBB8C0C5-7706-2EB8-8F30-7506FDBE645F}.Debug|Any CPU.Build.0 = Debug|Any CPU
		{DBB8C0C5-7706-2EB8-8F30-7506FDBE645F}.Release|Any CPU.ActiveCfg = Release|Any CPU
		{DBB8C0C5-7706-2EB8-8F30-7506FDBE645F}.Release|Any CPU.Build.0 = Release|Any CPU
		{3763B1BA-85F2-2A63-2041-B396171AAB2E}.Debug|Any CPU.ActiveCfg = Debug|Any CPU
		{3763B1BA-85F2-2A63-2041-B396171AAB2E}.Debug|Any CPU.Build.0 = Debug|Any CPU
		{3763B1BA-85F2-2A63-2041-B396171AAB2E}.Release|Any CPU.ActiveCfg = Release|Any CPU
		{3763B1BA-85F2-2A63-2041-B396171AAB2E}.Release|Any CPU.Build.0 = Release|Any CPU
	EndGlobalSection
	GlobalSection(SolutionProperties) = preSolution
		HideSolutionNode = FALSE
	EndGlobalSection
EndGlobal
